github.com/gbrlsnchs/jwt v1.0.2 h1:tp73HD4HTcOczJ8AMrZwvNwJU8Y1CcsKfmFFnnw8qOA=
github.com/gbrlsnchs/jwt v1.0.2/go.mod h1:p5fttBhRV34dmDL7zpqJ2ctL8yaWm5DJTtBm/evgQ/c=
github.com/gobuffalo/packr v1.12.0 h1:akfjWE2vcNTF7qgxidT2GiOH7X3GdoLFX61iyPVKF3w=
github.com/gobuffalo/packr v1.12.0/go.mod h1:H2dZhQFqHeZwr/5A/uGQkBp7xYuMGuzXFeKhYdcz5No=
github.com/gorilla/context v1.1.1 h1:AWwleXJkX/nhcU9bZSnZoi3h/qGYqQAGhq6zZe/aQW8=
github.com/gorilla/context v1.1.1/go.mod h1:kBGZzfjB9CEq2AlWe17Uuf7NDRt0dE0s8S51q0aT7Yg=
github.com/gorilla/mux v1.6.2 h1:Pgr17XVTNXAk3q/r4CpKzC5xBM/qW1uVLV+IhRZpIIk=
github.com/gorilla/mux v1.6.2/go.mod h1:1lud6UwP+6orDFRuTfBEV8e9/aOM/c4fVVCaMa2zaAs=
github.com/howeyc/fsnotify v0.9.0 h1:0gtV5JmOKH4A8SsFxG2BczSeXWWPvcMT0euZt5gDAxY=
github.com/howeyc/fsnotify v0.9.0/go.mod h1:41HzSPxBGeFRQKEEwgh49TRw/nKBsYZ2cF1OzPjSJsA=
github.com/ironsmile/sql-migrate v0.0.0-20180302150855-e167f4809da4 h1:RU24wxhrvqQAZK56KDbdKov4Z92pWcj1oWjZW5OGAPc=
github.com/ironsmile/sql-migrate v0.0.0-20180302150855-e167f4809da4/go.mod h1:Hc9X8q2PDAqPpvYGy1VW6SRWLghfwD+KRbdgfe6k0Rg=
github.com/mattn/go-sqlite3 v1.9.0 h1:pDRiWfl+++eC2FEFRy6jXmQlvp4Yh3z1MJKg4UeYM/4=
github.com/mattn/go-sqlite3 v1.9.0/go.mod h1:FPy6KqzDD04eiIsT53CuJW3U88zkxoIYsOqkbpncsNc=
github.com/mattn/go-sqlite3 v1.10.0 h1:jbhqpg7tQe4SupckyijYiy0mJJ/pRyHvXf7JdWK860o=
github.com/mattn/go-sqlite3 v1.10.0/go.mod h1:FPy6KqzDD04eiIsT53CuJW3U88zkxoIYsOqkbpncsNc=
github.com/mattn/go-sqlite3 v1.14.6 h1:dNPt6NO46WmLVt2DLNpwczCmdV5boIZ6g/tlDrlRUbg=
github.com/mattn/go-sqlite3 v1.14.6/go.mod h1:NyWgC/yNuGj7Q9rpYnZvas74GogHl5/Z4A/KQRfk6bU=
github.com/pborman/uuid v0.0.0-20170612153648-e790cca94e6c h1:MUyE44mTvnI5A0xrxIxaMqoWFzPfQvtE2IWUollMDMs=
github.com/pborman/uuid v0.0.0-20170612153648-e790cca94e6c/go.mod h1:VyrYX9gd7irzKovcSS6BIIEwPRkP2Wm2m9ufcdFSJ34=
github.com/pkg/errors v0.8.0 h1:WdK/asTD0HN+q6hsWO3/vpuAkAr+tw6aNJNDFFf0+qw=
github.com/pkg/errors v0.8.0/go.mod h1:bwawxfHBFNV+L2hUp1rHADufV3IMtnDRdf1r5NINEl0=
github.com/skip2/go-qrcode v0.0.0-20171229120447-cf5f9fa2f0d8 h1:5C4yAeYifeRO+7z2/H2kxL8tJZE9ZE9LpxK6YUZPByo=
github.com/skip2/go-qrcode v0.0.0-20171229120447-cf5f9fa2f0d8/go.mod h1:PLPIyL7ikehBD1OAjmKKiOEhbvWyHGaNDjquXMcYABo=
github.com/wtolson/go-taglib v0.0.0-20180718000046-586eb63c2628 h1:hYOyf8es7yvMucqlPar3CdobJeY0+0OmR5iT4hHYW54=
github.com/wtolson/go-taglib v0.0.0-20180718000046-586eb63c2628/go.mod h1:p+WHGfN/a+Ol37Pm7EIOO/6Cylieb2qn1jmKfxtSsUg=
gopkg.in/gorp.v1 v1.7.1 h1:GBB9KrWRATQZh95HJyVGUZrWwOPswitEYEyqlK8JbAA=
gopkg.in/gorp.v1 v1.7.1/go.mod h1:Wo3h+DBQZIxATwftsglhdD/62zRFPhGhTiu5jUJmCaw=
gopkg.in/mineo/gocaa.v1 v1.0.0-20180225115936-2500f801cd83 h1:ftgXME9bLz+f6fqgev+fjN7WFPrBPa0Ug3dYBW1OSBw=
gopkg.in/mineo/gocaa.v1 v1.0.0-20180225115936-2500f801cd83/go.mod h1:EJ4AsBGJmI7WIZlvzTHxlJVT92ePiwhcbkt3P1tLzyU=
