# This file is autogenerated, do not edit; changes may be undone by the next 'dep ensure'.


[[projects]]
  digest = "1:b4ba61892a3c44436ea465b0f7403b5ce1cc0e80e6cf0f885f7213e1a5b5725a"
  name = "github.com/gobuffalo/packr"
  packages = ["."]
  pruneopts = "NUT"
  revision = "147bee9cde84aeca6693d1b1aedc595298f24d5b"
  version = "v1.12.0"

[[projects]]
  digest = "1:c01767916c59f084bb7c41a7d5877c0f3099b1595cfa066e84ec6ad6b084dd89"
  name = "github.com/gorilla/context"
  packages = ["."]
  pruneopts = "NUT"
  revision = "08b5f424b9271eedf6f9f0ce86cb9396ed337a42"
  version = "v1.1.1"

[[projects]]
  digest = "1:bf5cf1d53d703332e9bd8984c69784645b73a938317bf5ace9aadf20ac49379a"
  name = "github.com/gorilla/mux"
  packages = ["."]
  pruneopts = "NUT"
  revision = "e3702bed27f0d39777b0b37b664b6280e8ef8fbf"
  version = "v1.6.2"

[[projects]]
  digest = "1:002e717d1aba87b3b5d85f50c7f4755679866edb6297a46679cbd2b7c74a084c"
  name = "github.com/howeyc/fsnotify"
  packages = ["."]
  pruneopts = "NUT"
  revision = "441bbc86b167f3c1f4786afae9931403b99fdacf"
  version = "v0.9.0"

[[projects]]
  branch = "master"
  digest = "1:b838ef8c91a42f9e552f8be04a386db76bd833cfc45785a23420c285b842fabf"
  name = "github.com/ironsmile/sql-migrate"
  packages = [
    ".",
    "sqlparse",
  ]
  pruneopts = "NUT"
  revision = "e167f4809da43e41b40cc9a839651a3261a8dd70"

[[projects]]
  digest = "1:4f0ec1ea4a854a62d163a91df5f37e98f1083974ddcc21b0b104cd3b75238789"
  name = "github.com/mattn/go-sqlite3"
  packages = ["."]
  pruneopts = "NUT"
  revision = "25ecb14adfc7543176f7d85291ec7dba82c6f7e4"
  version = "v1.9.0"

[[projects]]
  digest = "1:cce3a18fb0b96b5015cd8ca03a57d20a662679de03c4dc4b6ff5f17ea2050fa6"
  name = "github.com/pborman/uuid"
  packages = ["."]
  pruneopts = "NUT"
  revision = "e790cca94e6cc75c7064b1332e63811d4aae1a53"
  version = "v1.1"

[[projects]]
  digest = "1:5cf3f025cbee5951a4ee961de067c8a89fc95a5adabead774f82822efabab121"
  name = "github.com/pkg/errors"
  packages = ["."]
  pruneopts = "NUT"
  revision = "645ef00459ed84a119197bfb8d8205042c6df63d"
  version = "v0.8.0"

[[projects]]
  branch = "master"
  digest = "1:aa8ce5de592183223ce118e540ec586fe68c2b687dd7c857cd3c6b8e5dc1f5f1"
  name = "github.com/wtolson/go-taglib"
  packages = ["."]
  pruneopts = "NUT"
  revision = "586eb63c2628271fa63a5b4e607c6f9c0278e2ea"

[[projects]]
  digest = "1:05eff2c4f2ce868b5c9ced8b96607201155a812920eac4d30a85b6b9b72338ce"
  name = "gopkg.in/gorp.v1"
  packages = ["."]
  pruneopts = "NUT"
  revision = "c87af80f3cc5036b55b83d77171e156791085e2e"
  version = "v1.7.1"

[[projects]]
  digest = "1:c9f3eda8772b9f164c418f66bd80ba0905817b7298f9745c89eae26f667d8cd5"
  name = "gopkg.in/mineo/gocaa.v1"
  packages = ["."]
  pruneopts = "NUT"
  revision = "2500f801cd836275ab44872a3a52c2ea59e524e1"
  version = "v1.4"

[solve-meta]
  analyzer-name = "dep"
  analyzer-version = 1
  input-imports = [
    "github.com/gobuffalo/packr",
    "github.com/gorilla/mux",
    "github.com/howeyc/fsnotify",
    "github.com/ironsmile/sql-migrate",
    "github.com/mattn/go-sqlite3",
    "github.com/wtolson/go-taglib",
    "gopkg.in/mineo/gocaa.v1",
  ]
  solver-name = "gps-cdcl"
  solver-version = 1
